
Microsoft Visual Studio Solution File, Format Version 12.00
# Visual Studio Version 17
VisualStudioVersion = 17.8.34511.84
MinimumVisualStudioVersion = 10.0.40219.1
Project("{FAE04EC0-301F-11D3-BF4B-00C04F79EFBC}") = "SOLOLOGIN", "SOLOLOGIN\SOLOLOGIN.csproj", "{B63203A0-D466-4413-9D3F-7C102B659CA1}"
EndProject
Global
	GlobalSection(SolutionConfigurationPlatforms) = preSolution
		Debug|Any CPU = Debug|Any CPU
		Release|Any CPU = Release|Any CPU
	EndGlobalSection
	GlobalSection(ProjectConfigurationPlatforms) = postSolution
		{B63203A0-D466-4413-9D3F-7C102B659CA1}.Debug|Any CPU.ActiveCfg = Debug|Any CPU
		{B63203A0-D466-4413-9D3F-7C102B659CA1}.Debug|Any CPU.Build.0 = Debug|Any CPU
		{B63203A0-D466-4413-9D3F-7C102B659CA1}.Release|Any CPU.ActiveCfg = Release|Any CPU
		{B63203A0-D466-4413-9D3F-7C102B659CA1}.Release|Any CPU.Build.0 = Release|Any CPU
	EndGlobalSection
	GlobalSection(SolutionProperties) = preSolution
		HideSolutionNode = FALSE
	EndGlobalSection
	GlobalSection(ExtensibilityGlobals) = postSolution
		SolutionGuid = {A72E3337-3F24-482F-9C84-D9DD185B3609}
	EndGlobalSection
EndGlobal
